
Microsoft Visual Studio Solution File, Format Version 12.00
# Visual Studio Version 17
VisualStudioVersion = 17.4.33205.214
MinimumVisualStudioVersion = 10.0.40219.1
Project("{FAE04EC0-301F-11D3-BF4B-00C04F79EFBC}") = "CSBCMiner", "CSBCMiner.csproj", "{4953A3F5-3211-4935-984B-1734CE808A84}"
EndProject
Global
	GlobalSection(SolutionConfigurationPlatforms) = preSolution
		Debug|Any CPU = Debug|Any CPU
		Release|Any CPU = Release|Any CPU
	EndGlobalSection
	GlobalSection(ProjectConfigurationPlatforms) = postSolution
		{4953A3F5-3211-4935-984B-1734CE808A84}.Debug|Any CPU.ActiveCfg = Debug|Any CPU
		{4953A3F5-3211-4935-984B-1734CE808A84}.Debug|Any CPU.Build.0 = Debug|Any CPU
		{4953A3F5-3211-4935-984B-1734CE808A84}.Release|Any CPU.ActiveCfg = Release|Any CPU
		{4953A3F5-3211-4935-984B-1734CE808A84}.Release|Any CPU.Build.0 = Release|Any CPU
	EndGlobalSection
	GlobalSection(SolutionProperties) = preSolution
		HideSolutionNode = FALSE
	EndGlobalSection
	GlobalSection(ExtensibilityGlobals) = postSolution
		SolutionGuid = {CEC33CED-6DD1-4F76-875C-131217664BEB}
	EndGlobalSection
EndGlobal
